
Microsoft Visual Studio Solution File, Format Version 12.00
# Visual Studio Version 17
VisualStudioVersion = 17.7.34221.43
MinimumVisualStudioVersion = 10.0.40219.1
Project("{2150E333-8FDC-42A3-9474-1A3956D46DE8}") = "Server", "Server", "{9BB16AF2-266A-423A-BA1C-65DD40209693}"
EndProject
Project("{2150E333-8FDC-42A3-9474-1A3956D46DE8}") = "API", "API", "{983A03CC-AE4A-4082-9FAB-9D7364A82C8D}"
EndProject
Project("{2150E333-8FDC-42A3-9474-1A3956D46DE8}") = "Services", "Services", "{732BD101-EC6B-4129-960E-81095E3FBD0B}"
EndProject
Project("{2150E333-8FDC-42A3-9474-1A3956D46DE8}") = "Mapper", "Mapper", "{96D29C0B-61F9-43AB-9894-F8C336D1BCD7}"
EndProject
Project("{2150E333-8FDC-42A3-9474-1A3956D46DE8}") = "Domain", "Domain", "{AFF33A45-8201-45FE-A8A9-33275735C176}"
EndProject
Project("{2150E333-8FDC-42A3-9474-1A3956D46DE8}") = "Model", "Model", "{CA1AF137-A204-404B-8AD1-4648C912F9E2}"
EndProject
Project("{2150E333-8FDC-42A3-9474-1A3956D46DE8}") = "Core", "Core", "{8A93C40E-E0D4-4944-AD55-F91ADDE0FD10}"
EndProject
Project("{2150E333-8FDC-42A3-9474-1A3956D46DE8}") = "BusinessAccessLayer", "BusinessAccessLayer", "{75065FBA-97D1-4209-AE7B-25ECE93F62DF}"
EndProject
Project("{2150E333-8FDC-42A3-9474-1A3956D46DE8}") = "DataAccessLayer", "DataAccessLayer", "{0E3033DF-83FC-465D-B3E1-5A38226277E7}"
EndProject
Project("{2150E333-8FDC-42A3-9474-1A3956D46DE8}") = "ServiceAccessLayer", "ServiceAccessLayer", "{E16FF0DB-7727-44C4-A736-B40D6C0FE2FA}"
EndProject
Project("{2150E333-8FDC-42A3-9474-1A3956D46DE8}") = "Repositories", "Repositories", "{E6BD7FAF-D1A7-4ABA-8749-98FFE01AC432}"
EndProject
Project("{2150E333-8FDC-42A3-9474-1A3956D46DE8}") = "CandidateCRM", "CandidateCRM", "{C4A55A48-B89B-45D5-8E08-6ED83B67901D}"
EndProject
Project("{9A19103F-16F7-4668-BE54-9A1E7A4F7556}") = "CandidateCRM", "CandidateCRM\CandidateCRM.csproj", "{E06EF637-C07D-4511-AF44-FF57B878AF81}"
EndProject
Project("{9A19103F-16F7-4668-BE54-9A1E7A4F7556}") = "ERP.Core.BusinessAccess", "ERP.Core.BusinessAccess\ERP.Core.BusinessAccess.csproj", "{76D33810-AA61-4424-8EDD-02B9A45A7201}"
EndProject
Project("{9A19103F-16F7-4668-BE54-9A1E7A4F7556}") = "ERP.Core.DataAccess", "ERP.Core.DataAccess\ERP.Core.DataAccess.csproj", "{EAD42104-3962-466A-A95C-0A8DB40BC929}"
EndProject
Project("{2150E333-8FDC-42A3-9474-1A3956D46DE8}") = "Authentication", "Authentication", "{6930B797-B8E2-4F24-8B52-17C168BC4404}"
EndProject
Project("{9A19103F-16F7-4668-BE54-9A1E7A4F7556}") = "ERP.Authentication.Domain", "ERP.Authentication.Domain\ERP.Authentication.Domain.csproj", "{BE37F56C-471B-4EB1-B5D6-4E8EEAAF6CA4}"
EndProject
Project("{9A19103F-16F7-4668-BE54-9A1E7A4F7556}") = "ERP.Core.ServiceAccess", "ERP.Core.ServiceAccess\ERP.Core.ServiceAccess.csproj", "{105B7CA5-5827-47D5-AA73-68A65C4879BB}"
EndProject
Project("{9A19103F-16F7-4668-BE54-9A1E7A4F7556}") = "ERP.Candidate.CRM.Service", "ERP.Candidate.CRM.Service\ERP.Candidate.CRM.Service.csproj", "{63E6A1E4-C3F0-4DA7-BF19-87945AC560A9}"
EndProject
Project("{9A19103F-16F7-4668-BE54-9A1E7A4F7556}") = "ERP.Candidate.CRM.Mapper", "ERP.Candidate.CRM.Mapper\ERP.Candidate.CRM.Mapper.csproj", "{5B6C3FBD-4C28-4BC5-BB60-08C0DD70CA99}"
EndProject
Project("{9A19103F-16F7-4668-BE54-9A1E7A4F7556}") = "ERP.Common.Services", "ERP.Common.Services\ERP.Common.Services.csproj", "{5827825F-6263-428F-BD44-01B42CEF33A3}"
EndProject
Project("{9A19103F-16F7-4668-BE54-9A1E7A4F7556}") = "CRM.Authentication.Model", "CRM.Authentication.Model\CRM.Authentication.Model.csproj", "{7BFC50A2-06B3-4010-AEF3-805A35800E92}"
EndProject
Project("{2150E333-8FDC-42A3-9474-1A3956D46DE8}") = "MiddleWares", "MiddleWares", "{E6E5D0DC-C413-4553-975C-26545E7EF3A1}"
EndProject
Project("{9A19103F-16F7-4668-BE54-9A1E7A4F7556}") = "ERP.Middlewares", "ERP.Middlewares\ERP.Middlewares.csproj", "{8948250E-A172-440A-BA62-C7311A380053}"
EndProject
Project("{2150E333-8FDC-42A3-9474-1A3956D46DE8}") = "Database", "Database", "{71394AFE-5737-4CC9-9F69-1982DB8C64FE}"
EndProject
Project("{9A19103F-16F7-4668-BE54-9A1E7A4F7556}") = "ERP.DataBase", "ERP.DataBase\ERP.DataBase.csproj", "{7B78303E-F2FD-4920-A33F-F026739E6FD9}"
EndProject
Project("{2150E333-8FDC-42A3-9474-1A3956D46DE8}") = "CoreCRM", "CoreCRM", "{B73DEF05-38A8-4852-A6D0-FD456E9CA368}"
EndProject
Project("{9A19103F-16F7-4668-BE54-9A1E7A4F7556}") = "ERP.CRM.CaseManagement.Service", "ERP.CRM.CaseManagement.Service\ERP.CRM.CaseManagement.Service.csproj", "{81599CEA-6B46-4DFF-A2BD-31BFB3E7FB93}"
EndProject
Project("{9A19103F-16F7-4668-BE54-9A1E7A4F7556}") = "ERP.CRM.ContactManagement.Service", "ERP.CRM.ContactManagement.Service\ERP.CRM.ContactManagement.Service.csproj", "{3D523B1F-279F-4696-BCF5-A48F505D8B41}"
EndProject
Project("{9A19103F-16F7-4668-BE54-9A1E7A4F7556}") = "ERP.CRM.DocumentManagement.Service", "ERP.CRM.DocumentManagement.Service\ERP.CRM.DocumentManagement.Service.csproj", "{9D51CDF6-4E84-460C-B05F-D1D52C9B49BD}"
EndProject
Project("{9A19103F-16F7-4668-BE54-9A1E7A4F7556}") = "ERP.CRM.ReportAnalytics.Service", "ERP.CRM.ReportAnalytics.Service\ERP.CRM.ReportAnalytics.Service.csproj", "{2C4C98BE-4EE3-480D-91E7-61AB0D2D71E8}"
EndProject
Project("{9A19103F-16F7-4668-BE54-9A1E7A4F7556}") = "ERP.CRM.WorkFlow.Service", "ERP.CRM.WorkFlow.Service\ERP.CRM.WorkFlow.Service.csproj", "{ABEF3632-72D1-42C4-8ABC-D2B710851483}"
EndProject
Project("{2150E333-8FDC-42A3-9474-1A3956D46DE8}") = "CandidateCRM", "CandidateCRM", "{FDB9DD11-4787-41EF-AFEB-419EE3AA55B5}"
EndProject
Project("{2150E333-8FDC-42A3-9474-1A3956D46DE8}") = "ERPCommon", "ERPCommon", "{8376DF68-7E8E-4125-A215-5B315B127383}"
EndProject
Project("{9A19103F-16F7-4668-BE54-9A1E7A4F7556}") = "ERP.CRM.TaskManagement.Service", "ERP.CRM.TaskManagement.Service\ERP.CRM.TaskManagement.Service.csproj", "{5E1ED9C2-5774-427C-AE9E-E16A3591D944}"
EndProject
Project("{9A19103F-16F7-4668-BE54-9A1E7A4F7556}") = "ERP.CRM.Messenger.Service", "ERP.CRM.Messenger.Service\ERP.CRM.Messenger.Service.csproj", "{408DE00F-33D8-4BA1-A8CB-C614F8361CDA}"
EndProject
Project("{9A19103F-16F7-4668-BE54-9A1E7A4F7556}") = "ERP.CRM.SMS.Service", "ERP.CRM.SMS.Service\ERP.CRM.SMS.Service.csproj", "{D35C4A21-E596-4CB1-9FE6-837BBCF14E93}"
EndProject
Project("{9A19103F-16F7-4668-BE54-9A1E7A4F7556}") = "ERP.CRM.Email.Service", "ERP.CRM.Email.Service\ERP.CRM.Email.Service.csproj", "{4A4057DE-F651-4274-9F5C-57ACB10DB33E}"
EndProject
Project("{2150E333-8FDC-42A3-9474-1A3956D46DE8}") = "CustomerCareaAndCaseManagment", "CustomerCareaAndCaseManagment", "{6548BC5A-9724-4BC0-A38A-929873C23DA1}"
EndProject
Project("{9A19103F-16F7-4668-BE54-9A1E7A4F7556}") = "ERP.CaseManagement.Domain", "ERP.CaseManagement.Domain\ERP.CaseManagement.Domain.csproj", "{34A1E251-19AA-4149-B02C-F226B551C4FA}"
EndProject
Project("{2150E333-8FDC-42A3-9474-1A3956D46DE8}") = "ContactManagement", "ContactManagement", "{8349D468-10FB-413C-9CA4-58FCCEC2F3B5}"
EndProject
Project("{2150E333-8FDC-42A3-9474-1A3956D46DE8}") = "ProfileManagement", "ProfileManagement", "{A6FA40CD-5017-4223-8A19-9BFDEE4FA246}"
EndProject
Project("{9A19103F-16F7-4668-BE54-9A1E7A4F7556}") = "ERP.ProfileManagement.Domain", "ERP.ProfileManagement.Domain\ERP.ProfileManagement.Domain.csproj", "{FB6FE030-8D2B-491E-9C44-F852C749BF91}"
EndProject
Project("{9A19103F-16F7-4668-BE54-9A1E7A4F7556}") = "ERP.ContanctManagement.Domain", "ERP.ContanctManagement.Domain\ERP.ContanctManagement.Domain.csproj", "{5A9B09E4-8789-4928-A7DF-1D4FA99A54DB}"
EndProject
Project("{2150E333-8FDC-42A3-9474-1A3956D46DE8}") = "DocumentManagement", "DocumentManagement", "{CD7F60BD-743D-4F01-82E2-B23D2A2AC8FF}"
EndProject
Project("{9A19103F-16F7-4668-BE54-9A1E7A4F7556}") = "ERP.DocumentManagement.Domain", "ERP.DocumentManagement.Domain\ERP.DocumentManagement.Domain.csproj", "{9C95485D-6929-482D-B9D7-78A983187E48}"
EndProject
Project("{2150E333-8FDC-42A3-9474-1A3956D46DE8}") = "Notifications", "Notifications", "{86082FC5-EE53-44DC-8E9A-91FBBAAA01E5}"
EndProject
Project("{9A19103F-16F7-4668-BE54-9A1E7A4F7556}") = "ERP.Notifications.Domain", "ERP.Notifications.Domain\ERP.Notifications.Domain.csproj", "{51E1A6E0-1556-42F7-B05C-1072D9C8E8F2}"
EndProject
Project("{2150E333-8FDC-42A3-9474-1A3956D46DE8}") = "HRAdminSttaf", "HRAdminSttaf", "{8CBB350D-B3C9-4E45-BAE7-46F47848062C}"
EndProject
Project("{9A19103F-16F7-4668-BE54-9A1E7A4F7556}") = "ERP.HRAdminStaff.Domain", "ERP.HRAdminStaff.Domain\ERP.HRAdminStaff.Domain.csproj", "{43D0C8F8-79C4-4F21-B54E-DB4834C07387}"
EndProject
Project("{9A19103F-16F7-4668-BE54-9A1E7A4F7556}") = "CRM.Authentication.Repository", "CRM.Authentication.Repository\CRM.Authentication.Repository.csproj", "{88015241-F11E-445F-9B98-A5A8BA9E1A46}"
EndProject
Project("{9A19103F-16F7-4668-BE54-9A1E7A4F7556}") = "ERP.CustomerCare.Repository", "Server\Repositories\ERP.CustomerCare.Repository\ERP.CustomerCare.Repository.csproj", "{ABD06645-D37E-4701-849E-02625E99EC36}"
EndProject
Project("{9A19103F-16F7-4668-BE54-9A1E7A4F7556}") = "ERP.ContactManagement.Repository", "Server\Repositories\ERP.ContactManagement.Repository\ERP.ContactManagement.Repository.csproj", "{848EF107-CFA9-4D8D-B188-3E15F4E41F73}"
EndProject
Project("{9A19103F-16F7-4668-BE54-9A1E7A4F7556}") = "ERP.ProfileManagement.Repository", "ERP.ProfileManagement.Repository\ERP.ProfileManagement.Repository.csproj", "{59C1ECA4-445B-4225-97D7-C108F370CE41}"
EndProject
Project("{9A19103F-16F7-4668-BE54-9A1E7A4F7556}") = "ERP.HRAdminSttaf.Repository", "Server\Repositories\ERP.HRAdminSttaf.Repository\ERP.HRAdminSttaf.Repository.csproj", "{BD3E64EB-FD9E-4256-9627-072591B1D695}"
EndProject
Project("{9A19103F-16F7-4668-BE54-9A1E7A4F7556}") = "ERP.Notifications.Repository", "Server\Repositories\ERP.Notifications.Repository\ERP.Notifications.Repository.csproj", "{74602449-CC42-4990-A0E8-423BA4A90A80}"
EndProject
Project("{9A19103F-16F7-4668-BE54-9A1E7A4F7556}") = "ERP.DocumentManagement.Repository", "Server\Repositories\ERP.DocumentManagement.Repository\ERP.DocumentManagement.Repository.csproj", "{B0ABB044-7361-4ED0-9112-92D4F78E8456}"
EndProject
Project("{9A19103F-16F7-4668-BE54-9A1E7A4F7556}") = "ERP.HRAdmin.Service", "ERP.HRAdmin.Service\ERP.HRAdmin.Service.csproj", "{3D6530F5-6528-4361-800A-147F559117C3}"
EndProject
Project("{9A19103F-16F7-4668-BE54-9A1E7A4F7556}") = "ERP.Notification.Service", "ERP.Notification.Service\ERP.Notification.Service.csproj", "{37760429-CA83-4118-9F1E-DA81AF1CB0B5}"
EndProject
Project("{9A19103F-16F7-4668-BE54-9A1E7A4F7556}") = "ERP.ProfileManagement.Service", "ERP.ProfileManagement.Service\ERP.ProfileManagement.Service.csproj", "{10FFDF24-1797-4AC3-94C1-1531E53A1127}"
EndProject
Project("{2150E333-8FDC-42A3-9474-1A3956D46DE8}") = "TaskManagment", "TaskManagment", "{5F8D23AA-9A25-41E2-82F0-DC3BC2729F58}"
EndProject
Project("{9A19103F-16F7-4668-BE54-9A1E7A4F7556}") = "ERP.TaskManagement.Domain", "ERP.TaskManagement.Domain\ERP.TaskManagement.Domain.csproj", "{9AAE6C72-0333-416D-9CA8-11908A1A787B}"
EndProject
Project("{FAE04EC0-301F-11D3-BF4B-00C04F79EFBC}") = "ERP.TaskManagement.Repository", "ERP.TaskManagement.Repository\ERP.TaskManagement.Repository.csproj", "{ADCBC069-9F19-45E0-B43B-62D6746DF343}"
EndProject
Project("{FAE04EC0-301F-11D3-BF4B-00C04F79EFBC}") = "ERP.ContactManagement.Model", "ERP.ContactManagement.Model\ERP.ContactManagement.Model.csproj", "{F3E26BC2-FBC5-42D8-AEBE-ABD563F3AA6A}"
EndProject
Project("{FAE04EC0-301F-11D3-BF4B-00C04F79EFBC}") = "ERP.CustomerCare.Model", "ERP.CustomerCare.Model\ERP.CustomerCare.Model.csproj", "{D1566E8D-4615-49C7-BFD8-650A7FC50161}"
EndProject
Project("{FAE04EC0-301F-11D3-BF4B-00C04F79EFBC}") = "ERP.DocumentManagement.Model", "ERP.DocumentManagement.Model\ERP.DocumentManagement.Model.csproj", "{419582F4-C0DA-449F-AF95-5E88D7FB4487}"
EndProject
Project("{FAE04EC0-301F-11D3-BF4B-00C04F79EFBC}") = "ERP.HRAdminStaff.Model", "ERP.HRAdminStaff.Model\ERP.HRAdminStaff.Model.csproj", "{C8CA7CCB-2BCD-4F77-837C-B2272D38F5C0}"
EndProject
Project("{FAE04EC0-301F-11D3-BF4B-00C04F79EFBC}") = "ERP.Notifications.Model", "ERP.Notifications.Model\ERP.Notifications.Model.csproj", "{DBEF0046-E85F-4E1E-B6AC-9DD9CE883E58}"
EndProject
Project("{FAE04EC0-301F-11D3-BF4B-00C04F79EFBC}") = "ERP.ProfileManagement.Model", "ERP.ProfileManagement.Model\ERP.ProfileManagement.Model.csproj", "{186BA22C-3514-4EF0-8C60-83CD80676948}"
EndProject
Project("{FAE04EC0-301F-11D3-BF4B-00C04F79EFBC}") = "ERP.TaskManagement.Model", "ERP.TaskManagement.Model\ERP.TaskManagement.Model.csproj", "{D27A6EBD-9CF2-49C9-962A-CB31046C2FC1}"
EndProject
Global
	GlobalSection(SolutionConfigurationPlatforms) = preSolution
		Debug|Any CPU = Debug|Any CPU
		Release|Any CPU = Release|Any CPU
	EndGlobalSection
	GlobalSection(ProjectConfigurationPlatforms) = postSolution
		{E06EF637-C07D-4511-AF44-FF57B878AF81}.Debug|Any CPU.ActiveCfg = Debug|Any CPU
		{E06EF637-C07D-4511-AF44-FF57B878AF81}.Debug|Any CPU.Build.0 = Debug|Any CPU
		{E06EF637-C07D-4511-AF44-FF57B878AF81}.Release|Any CPU.ActiveCfg = Release|Any CPU
		{E06EF637-C07D-4511-AF44-FF57B878AF81}.Release|Any CPU.Build.0 = Release|Any CPU
		{76D33810-AA61-4424-8EDD-02B9A45A7201}.Debug|Any CPU.ActiveCfg = Debug|Any CPU
		{76D33810-AA61-4424-8EDD-02B9A45A7201}.Debug|Any CPU.Build.0 = Debug|Any CPU
		{76D33810-AA61-4424-8EDD-02B9A45A7201}.Release|Any CPU.ActiveCfg = Release|Any CPU
		{76D33810-AA61-4424-8EDD-02B9A45A7201}.Release|Any CPU.Build.0 = Release|Any CPU
		{EAD42104-3962-466A-A95C-0A8DB40BC929}.Debug|Any CPU.ActiveCfg = Debug|Any CPU
		{EAD42104-3962-466A-A95C-0A8DB40BC929}.Debug|Any CPU.Build.0 = Debug|Any CPU
		{EAD42104-3962-466A-A95C-0A8DB40BC929}.Release|Any CPU.ActiveCfg = Release|Any CPU
		{EAD42104-3962-466A-A95C-0A8DB40BC929}.Release|Any CPU.Build.0 = Release|Any CPU
		{BE37F56C-471B-4EB1-B5D6-4E8EEAAF6CA4}.Debug|Any CPU.ActiveCfg = Debug|Any CPU
		{BE37F56C-471B-4EB1-B5D6-4E8EEAAF6CA4}.Debug|Any CPU.Build.0 = Debug|Any CPU
		{BE37F56C-471B-4EB1-B5D6-4E8EEAAF6CA4}.Release|Any CPU.ActiveCfg = Release|Any CPU
		{BE37F56C-471B-4EB1-B5D6-4E8EEAAF6CA4}.Release|Any CPU.Build.0 = Release|Any CPU
		{105B7CA5-5827-47D5-AA73-68A65C4879BB}.Debug|Any CPU.ActiveCfg = Debug|Any CPU
		{105B7CA5-5827-47D5-AA73-68A65C4879BB}.Debug|Any CPU.Build.0 = Debug|Any CPU
		{105B7CA5-5827-47D5-AA73-68A65C4879BB}.Release|Any CPU.ActiveCfg = Release|Any CPU
		{105B7CA5-5827-47D5-AA73-68A65C4879BB}.Release|Any CPU.Build.0 = Release|Any CPU
		{63E6A1E4-C3F0-4DA7-BF19-87945AC560A9}.Debug|Any CPU.ActiveCfg = Debug|Any CPU
		{63E6A1E4-C3F0-4DA7-BF19-87945AC560A9}.Debug|Any CPU.Build.0 = Debug|Any CPU
		{63E6A1E4-C3F0-4DA7-BF19-87945AC560A9}.Release|Any CPU.ActiveCfg = Release|Any CPU
		{63E6A1E4-C3F0-4DA7-BF19-87945AC560A9}.Release|Any CPU.Build.0 = Release|Any CPU
		{5B6C3FBD-4C28-4BC5-BB60-08C0DD70CA99}.Debug|Any CPU.ActiveCfg = Debug|Any CPU
		{5B6C3FBD-4C28-4BC5-BB60-08C0DD70CA99}.Debug|Any CPU.Build.0 = Debug|Any CPU
		{5B6C3FBD-4C28-4BC5-BB60-08C0DD70CA99}.Release|Any CPU.ActiveCfg = Release|Any CPU
		{5B6C3FBD-4C28-4BC5-BB60-08C0DD70CA99}.Release|Any CPU.Build.0 = Release|Any CPU
		{5827825F-6263-428F-BD44-01B42CEF33A3}.Debug|Any CPU.ActiveCfg = Debug|Any CPU
		{5827825F-6263-428F-BD44-01B42CEF33A3}.Debug|Any CPU.Build.0 = Debug|Any CPU
		{5827825F-6263-428F-BD44-01B42CEF33A3}.Release|Any CPU.ActiveCfg = Release|Any CPU
		{5827825F-6263-428F-BD44-01B42CEF33A3}.Release|Any CPU.Build.0 = Release|Any CPU
		{7BFC50A2-06B3-4010-AEF3-805A35800E92}.Debug|Any CPU.ActiveCfg = Debug|Any CPU
		{7BFC50A2-06B3-4010-AEF3-805A35800E92}.Debug|Any CPU.Build.0 = Debug|Any CPU
		{7BFC50A2-06B3-4010-AEF3-805A35800E92}.Release|Any CPU.ActiveCfg = Release|Any CPU
		{7BFC50A2-06B3-4010-AEF3-805A35800E92}.Release|Any CPU.Build.0 = Release|Any CPU
		{8948250E-A172-440A-BA62-C7311A380053}.Debug|Any CPU.ActiveCfg = Debug|Any CPU
		{8948250E-A172-440A-BA62-C7311A380053}.Debug|Any CPU.Build.0 = Debug|Any CPU
		{8948250E-A172-440A-BA62-C7311A380053}.Release|Any CPU.ActiveCfg = Release|Any CPU
		{8948250E-A172-440A-BA62-C7311A380053}.Release|Any CPU.Build.0 = Release|Any CPU
		{7B78303E-F2FD-4920-A33F-F026739E6FD9}.Debug|Any CPU.ActiveCfg = Debug|Any CPU
		{7B78303E-F2FD-4920-A33F-F026739E6FD9}.Debug|Any CPU.Build.0 = Debug|Any CPU
		{7B78303E-F2FD-4920-A33F-F026739E6FD9}.Release|Any CPU.ActiveCfg = Release|Any CPU
		{7B78303E-F2FD-4920-A33F-F026739E6FD9}.Release|Any CPU.Build.0 = Release|Any CPU
		{81599CEA-6B46-4DFF-A2BD-31BFB3E7FB93}.Debug|Any CPU.ActiveCfg = Debug|Any CPU
		{81599CEA-6B46-4DFF-A2BD-31BFB3E7FB93}.Debug|Any CPU.Build.0 = Debug|Any CPU
		{81599CEA-6B46-4DFF-A2BD-31BFB3E7FB93}.Release|Any CPU.ActiveCfg = Release|Any CPU
		{81599CEA-6B46-4DFF-A2BD-31BFB3E7FB93}.Release|Any CPU.Build.0 = Release|Any CPU
		{3D523B1F-279F-4696-BCF5-A48F505D8B41}.Debug|Any CPU.ActiveCfg = Debug|Any CPU
		{3D523B1F-279F-4696-BCF5-A48F505D8B41}.Debug|Any CPU.Build.0 = Debug|Any CPU
		{3D523B1F-279F-4696-BCF5-A48F505D8B41}.Release|Any CPU.ActiveCfg = Release|Any CPU
		{3D523B1F-279F-4696-BCF5-A48F505D8B41}.Release|Any CPU.Build.0 = Release|Any CPU
		{9D51CDF6-4E84-460C-B05F-D1D52C9B49BD}.Debug|Any CPU.ActiveCfg = Debug|Any CPU
		{9D51CDF6-4E84-460C-B05F-D1D52C9B49BD}.Debug|Any CPU.Build.0 = Debug|Any CPU
		{9D51CDF6-4E84-460C-B05F-D1D52C9B49BD}.Release|Any CPU.ActiveCfg = Release|Any CPU
		{9D51CDF6-4E84-460C-B05F-D1D52C9B49BD}.Release|Any CPU.Build.0 = Release|Any CPU
		{2C4C98BE-4EE3-480D-91E7-61AB0D2D71E8}.Debug|Any CPU.ActiveCfg = Debug|Any CPU
		{2C4C98BE-4EE3-480D-91E7-61AB0D2D71E8}.Debug|Any CPU.Build.0 = Debug|Any CPU
		{2C4C98BE-4EE3-480D-91E7-61AB0D2D71E8}.Release|Any CPU.ActiveCfg = Release|Any CPU
		{2C4C98BE-4EE3-480D-91E7-61AB0D2D71E8}.Release|Any CPU.Build.0 = Release|Any CPU
		{ABEF3632-72D1-42C4-8ABC-D2B710851483}.Debug|Any CPU.ActiveCfg = Debug|Any CPU
		{ABEF3632-72D1-42C4-8ABC-D2B710851483}.Debug|Any CPU.Build.0 = Debug|Any CPU
		{ABEF3632-72D1-42C4-8ABC-D2B710851483}.Release|Any CPU.ActiveCfg = Release|Any CPU
		{ABEF3632-72D1-42C4-8ABC-D2B710851483}.Release|Any CPU.Build.0 = Release|Any CPU
		{5E1ED9C2-5774-427C-AE9E-E16A3591D944}.Debug|Any CPU.ActiveCfg = Debug|Any CPU
		{5E1ED9C2-5774-427C-AE9E-E16A3591D944}.Debug|Any CPU.Build.0 = Debug|Any CPU
		{5E1ED9C2-5774-427C-AE9E-E16A3591D944}.Release|Any CPU.ActiveCfg = Release|Any CPU
		{5E1ED9C2-5774-427C-AE9E-E16A3591D944}.Release|Any CPU.Build.0 = Release|Any CPU
		{408DE00F-33D8-4BA1-A8CB-C614F8361CDA}.Debug|Any CPU.ActiveCfg = Debug|Any CPU
		{408DE00F-33D8-4BA1-A8CB-C614F8361CDA}.Debug|Any CPU.Build.0 = Debug|Any CPU
		{408DE00F-33D8-4BA1-A8CB-C614F8361CDA}.Release|Any CPU.ActiveCfg = Release|Any CPU
		{408DE00F-33D8-4BA1-A8CB-C614F8361CDA}.Release|Any CPU.Build.0 = Release|Any CPU
		{D35C4A21-E596-4CB1-9FE6-837BBCF14E93}.Debug|Any CPU.ActiveCfg = Debug|Any CPU
		{D35C4A21-E596-4CB1-9FE6-837BBCF14E93}.Debug|Any CPU.Build.0 = Debug|Any CPU
		{D35C4A21-E596-4CB1-9FE6-837BBCF14E93}.Release|Any CPU.ActiveCfg = Release|Any CPU
		{D35C4A21-E596-4CB1-9FE6-837BBCF14E93}.Release|Any CPU.Build.0 = Release|Any CPU
		{4A4057DE-F651-4274-9F5C-57ACB10DB33E}.Debug|Any CPU.ActiveCfg = Debug|Any CPU
		{4A4057DE-F651-4274-9F5C-57ACB10DB33E}.Debug|Any CPU.Build.0 = Debug|Any CPU
		{4A4057DE-F651-4274-9F5C-57ACB10DB33E}.Release|Any CPU.ActiveCfg = Release|Any CPU
		{4A4057DE-F651-4274-9F5C-57ACB10DB33E}.Release|Any CPU.Build.0 = Release|Any CPU
		{34A1E251-19AA-4149-B02C-F226B551C4FA}.Debug|Any CPU.ActiveCfg = Debug|Any CPU
		{34A1E251-19AA-4149-B02C-F226B551C4FA}.Debug|Any CPU.Build.0 = Debug|Any CPU
		{34A1E251-19AA-4149-B02C-F226B551C4FA}.Release|Any CPU.ActiveCfg = Release|Any CPU
		{34A1E251-19AA-4149-B02C-F226B551C4FA}.Release|Any CPU.Build.0 = Release|Any CPU
		{FB6FE030-8D2B-491E-9C44-F852C749BF91}.Debug|Any CPU.ActiveCfg = Debug|Any CPU
		{FB6FE030-8D2B-491E-9C44-F852C749BF91}.Debug|Any CPU.Build.0 = Debug|Any CPU
		{FB6FE030-8D2B-491E-9C44-F852C749BF91}.Release|Any CPU.ActiveCfg = Release|Any CPU
		{FB6FE030-8D2B-491E-9C44-F852C749BF91}.Release|Any CPU.Build.0 = Release|Any CPU
		{5A9B09E4-8789-4928-A7DF-1D4FA99A54DB}.Debug|Any CPU.ActiveCfg = Debug|Any CPU
		{5A9B09E4-8789-4928-A7DF-1D4FA99A54DB}.Debug|Any CPU.Build.0 = Debug|Any CPU
		{5A9B09E4-8789-4928-A7DF-1D4FA99A54DB}.Release|Any CPU.ActiveCfg = Release|Any CPU
		{5A9B09E4-8789-4928-A7DF-1D4FA99A54DB}.Release|Any CPU.Build.0 = Release|Any CPU
		{9C95485D-6929-482D-B9D7-78A983187E48}.Debug|Any CPU.ActiveCfg = Debug|Any CPU
		{9C95485D-6929-482D-B9D7-78A983187E48}.Debug|Any CPU.Build.0 = Debug|Any CPU
		{9C95485D-6929-482D-B9D7-78A983187E48}.Release|Any CPU.ActiveCfg = Release|Any CPU
		{9C95485D-6929-482D-B9D7-78A983187E48}.Release|Any CPU.Build.0 = Release|Any CPU
		{51E1A6E0-1556-42F7-B05C-1072D9C8E8F2}.Debug|Any CPU.ActiveCfg = Debug|Any CPU
		{51E1A6E0-1556-42F7-B05C-1072D9C8E8F2}.Debug|Any CPU.Build.0 = Debug|Any CPU
		{51E1A6E0-1556-42F7-B05C-1072D9C8E8F2}.Release|Any CPU.ActiveCfg = Release|Any CPU
		{51E1A6E0-1556-42F7-B05C-1072D9C8E8F2}.Release|Any CPU.Build.0 = Release|Any CPU
		{43D0C8F8-79C4-4F21-B54E-DB4834C07387}.Debug|Any CPU.ActiveCfg = Debug|Any CPU
		{43D0C8F8-79C4-4F21-B54E-DB4834C07387}.Debug|Any CPU.Build.0 = Debug|Any CPU
		{43D0C8F8-79C4-4F21-B54E-DB4834C07387}.Release|Any CPU.ActiveCfg = Release|Any CPU
		{43D0C8F8-79C4-4F21-B54E-DB4834C07387}.Release|Any CPU.Build.0 = Release|Any CPU
		{88015241-F11E-445F-9B98-A5A8BA9E1A46}.Debug|Any CPU.ActiveCfg = Debug|Any CPU
		{88015241-F11E-445F-9B98-A5A8BA9E1A46}.Debug|Any CPU.Build.0 = Debug|Any CPU
		{88015241-F11E-445F-9B98-A5A8BA9E1A46}.Release|Any CPU.ActiveCfg = Release|Any CPU
		{88015241-F11E-445F-9B98-A5A8BA9E1A46}.Release|Any CPU.Build.0 = Release|Any CPU
		{ABD06645-D37E-4701-849E-02625E99EC36}.Debug|Any CPU.ActiveCfg = Debug|Any CPU
		{ABD06645-D37E-4701-849E-02625E99EC36}.Debug|Any CPU.Build.0 = Debug|Any CPU
		{ABD06645-D37E-4701-849E-02625E99EC36}.Release|Any CPU.ActiveCfg = Release|Any CPU
		{ABD06645-D37E-4701-849E-02625E99EC36}.Release|Any CPU.Build.0 = Release|Any CPU
		{848EF107-CFA9-4D8D-B188-3E15F4E41F73}.Debug|Any CPU.ActiveCfg = Debug|Any CPU
		{848EF107-CFA9-4D8D-B188-3E15F4E41F73}.Debug|Any CPU.Build.0 = Debug|Any CPU
		{848EF107-CFA9-4D8D-B188-3E15F4E41F73}.Release|Any CPU.ActiveCfg = Release|Any CPU
		{848EF107-CFA9-4D8D-B188-3E15F4E41F73}.Release|Any CPU.Build.0 = Release|Any CPU
		{59C1ECA4-445B-4225-97D7-C108F370CE41}.Debug|Any CPU.ActiveCfg = Debug|Any CPU
		{59C1ECA4-445B-4225-97D7-C108F370CE41}.Debug|Any CPU.Build.0 = Debug|Any CPU
		{59C1ECA4-445B-4225-97D7-C108F370CE41}.Release|Any CPU.ActiveCfg = Release|Any CPU
		{59C1ECA4-445B-4225-97D7-C108F370CE41}.Release|Any CPU.Build.0 = Release|Any CPU
		{BD3E64EB-FD9E-4256-9627-072591B1D695}.Debug|Any CPU.ActiveCfg = Debug|Any CPU
		{BD3E64EB-FD9E-4256-9627-072591B1D695}.Debug|Any CPU.Build.0 = Debug|Any CPU
		{BD3E64EB-FD9E-4256-9627-072591B1D695}.Release|Any CPU.ActiveCfg = Release|Any CPU
		{BD3E64EB-FD9E-4256-9627-072591B1D695}.Release|Any CPU.Build.0 = Release|Any CPU
		{74602449-CC42-4990-A0E8-423BA4A90A80}.Debug|Any CPU.ActiveCfg = Debug|Any CPU
		{74602449-CC42-4990-A0E8-423BA4A90A80}.Debug|Any CPU.Build.0 = Debug|Any CPU
		{74602449-CC42-4990-A0E8-423BA4A90A80}.Release|Any CPU.ActiveCfg = Release|Any CPU
		{74602449-CC42-4990-A0E8-423BA4A90A80}.Release|Any CPU.Build.0 = Release|Any CPU
		{B0ABB044-7361-4ED0-9112-92D4F78E8456}.Debug|Any CPU.ActiveCfg = Debug|Any CPU
		{B0ABB044-7361-4ED0-9112-92D4F78E8456}.Debug|Any CPU.Build.0 = Debug|Any CPU
		{B0ABB044-7361-4ED0-9112-92D4F78E8456}.Release|Any CPU.ActiveCfg = Release|Any CPU
		{B0ABB044-7361-4ED0-9112-92D4F78E8456}.Release|Any CPU.Build.0 = Release|Any CPU
		{3D6530F5-6528-4361-800A-147F559117C3}.Debug|Any CPU.ActiveCfg = Debug|Any CPU
		{3D6530F5-6528-4361-800A-147F559117C3}.Debug|Any CPU.Build.0 = Debug|Any CPU
		{3D6530F5-6528-4361-800A-147F559117C3}.Release|Any CPU.ActiveCfg = Release|Any CPU
		{3D6530F5-6528-4361-800A-147F559117C3}.Release|Any CPU.Build.0 = Release|Any CPU
		{37760429-CA83-4118-9F1E-DA81AF1CB0B5}.Debug|Any CPU.ActiveCfg = Debug|Any CPU
		{37760429-CA83-4118-9F1E-DA81AF1CB0B5}.Debug|Any CPU.Build.0 = Debug|Any CPU
		{37760429-CA83-4118-9F1E-DA81AF1CB0B5}.Release|Any CPU.ActiveCfg = Release|Any CPU
		{37760429-CA83-4118-9F1E-DA81AF1CB0B5}.Release|Any CPU.Build.0 = Release|Any CPU
		{10FFDF24-1797-4AC3-94C1-1531E53A1127}.Debug|Any CPU.ActiveCfg = Debug|Any CPU
		{10FFDF24-1797-4AC3-94C1-1531E53A1127}.Debug|Any CPU.Build.0 = Debug|Any CPU
		{10FFDF24-1797-4AC3-94C1-1531E53A1127}.Release|Any CPU.ActiveCfg = Release|Any CPU
		{10FFDF24-1797-4AC3-94C1-1531E53A1127}.Release|Any CPU.Build.0 = Release|Any CPU
		{9AAE6C72-0333-416D-9CA8-11908A1A787B}.Debug|Any CPU.ActiveCfg = Debug|Any CPU
		{9AAE6C72-0333-416D-9CA8-11908A1A787B}.Debug|Any CPU.Build.0 = Debug|Any CPU
		{9AAE6C72-0333-416D-9CA8-11908A1A787B}.Release|Any CPU.ActiveCfg = Release|Any CPU
		{9AAE6C72-0333-416D-9CA8-11908A1A787B}.Release|Any CPU.Build.0 = Release|Any CPU
		{ADCBC069-9F19-45E0-B43B-62D6746DF343}.Debug|Any CPU.ActiveCfg = Debug|Any CPU
		{ADCBC069-9F19-45E0-B43B-62D6746DF343}.Debug|Any CPU.Build.0 = Debug|Any CPU
		{ADCBC069-9F19-45E0-B43B-62D6746DF343}.Release|Any CPU.ActiveCfg = Release|Any CPU
		{ADCBC069-9F19-45E0-B43B-62D6746DF343}.Release|Any CPU.Build.0 = Release|Any CPU
		{F3E26BC2-FBC5-42D8-AEBE-ABD563F3AA6A}.Debug|Any CPU.ActiveCfg = Debug|Any CPU
		{F3E26BC2-FBC5-42D8-AEBE-ABD563F3AA6A}.Debug|Any CPU.Build.0 = Debug|Any CPU
		{F3E26BC2-FBC5-42D8-AEBE-ABD563F3AA6A}.Release|Any CPU.ActiveCfg = Release|Any CPU
		{F3E26BC2-FBC5-42D8-AEBE-ABD563F3AA6A}.Release|Any CPU.Build.0 = Release|Any CPU
		{D1566E8D-4615-49C7-BFD8-650A7FC50161}.Debug|Any CPU.ActiveCfg = Debug|Any CPU
		{D1566E8D-4615-49C7-BFD8-650A7FC50161}.Debug|Any CPU.Build.0 = Debug|Any CPU
		{D1566E8D-4615-49C7-BFD8-650A7FC50161}.Release|Any CPU.ActiveCfg = Release|Any CPU
		{D1566E8D-4615-49C7-BFD8-650A7FC50161}.Release|Any CPU.Build.0 = Release|Any CPU
		{419582F4-C0DA-449F-AF95-5E88D7FB4487}.Debug|Any CPU.ActiveCfg = Debug|Any CPU
		{419582F4-C0DA-449F-AF95-5E88D7FB4487}.Debug|Any CPU.Build.0 = Debug|Any CPU
		{419582F4-C0DA-449F-AF95-5E88D7FB4487}.Release|Any CPU.ActiveCfg = Release|Any CPU
		{419582F4-C0DA-449F-AF95-5E88D7FB4487}.Release|Any CPU.Build.0 = Release|Any CPU
		{C8CA7CCB-2BCD-4F77-837C-B2272D38F5C0}.Debug|Any CPU.ActiveCfg = Debug|Any CPU
		{C8CA7CCB-2BCD-4F77-837C-B2272D38F5C0}.Debug|Any CPU.Build.0 = Debug|Any CPU
		{C8CA7CCB-2BCD-4F77-837C-B2272D38F5C0}.Release|Any CPU.ActiveCfg = Release|Any CPU
		{C8CA7CCB-2BCD-4F77-837C-B2272D38F5C0}.Release|Any CPU.Build.0 = Release|Any CPU
		{DBEF0046-E85F-4E1E-B6AC-9DD9CE883E58}.Debug|Any CPU.ActiveCfg = Debug|Any CPU
		{DBEF0046-E85F-4E1E-B6AC-9DD9CE883E58}.Debug|Any CPU.Build.0 = Debug|Any CPU
		{DBEF0046-E85F-4E1E-B6AC-9DD9CE883E58}.Release|Any CPU.ActiveCfg = Release|Any CPU
		{DBEF0046-E85F-4E1E-B6AC-9DD9CE883E58}.Release|Any CPU.Build.0 = Release|Any CPU
		{186BA22C-3514-4EF0-8C60-83CD80676948}.Debug|Any CPU.ActiveCfg = Debug|Any CPU
		{186BA22C-3514-4EF0-8C60-83CD80676948}.Debug|Any CPU.Build.0 = Debug|Any CPU
		{186BA22C-3514-4EF0-8C60-83CD80676948}.Release|Any CPU.ActiveCfg = Release|Any CPU
		{186BA22C-3514-4EF0-8C60-83CD80676948}.Release|Any CPU.Build.0 = Release|Any CPU
		{D27A6EBD-9CF2-49C9-962A-CB31046C2FC1}.Debug|Any CPU.ActiveCfg = Debug|Any CPU
		{D27A6EBD-9CF2-49C9-962A-CB31046C2FC1}.Debug|Any CPU.Build.0 = Debug|Any CPU
		{D27A6EBD-9CF2-49C9-962A-CB31046C2FC1}.Release|Any CPU.ActiveCfg = Release|Any CPU
		{D27A6EBD-9CF2-49C9-962A-CB31046C2FC1}.Release|Any CPU.Build.0 = Release|Any CPU
	EndGlobalSection
	GlobalSection(SolutionProperties) = preSolution
		HideSolutionNode = FALSE
	EndGlobalSection
	GlobalSection(NestedProjects) = preSolution
		{983A03CC-AE4A-4082-9FAB-9D7364A82C8D} = {9BB16AF2-266A-423A-BA1C-65DD40209693}
		{732BD101-EC6B-4129-960E-81095E3FBD0B} = {9BB16AF2-266A-423A-BA1C-65DD40209693}
		{96D29C0B-61F9-43AB-9894-F8C336D1BCD7} = {9BB16AF2-266A-423A-BA1C-65DD40209693}
		{AFF33A45-8201-45FE-A8A9-33275735C176} = {9BB16AF2-266A-423A-BA1C-65DD40209693}
		{CA1AF137-A204-404B-8AD1-4648C912F9E2} = {9BB16AF2-266A-423A-BA1C-65DD40209693}
		{8A93C40E-E0D4-4944-AD55-F91ADDE0FD10} = {9BB16AF2-266A-423A-BA1C-65DD40209693}
		{75065FBA-97D1-4209-AE7B-25ECE93F62DF} = {8A93C40E-E0D4-4944-AD55-F91ADDE0FD10}
		{0E3033DF-83FC-465D-B3E1-5A38226277E7} = {8A93C40E-E0D4-4944-AD55-F91ADDE0FD10}
		{E16FF0DB-7727-44C4-A736-B40D6C0FE2FA} = {8A93C40E-E0D4-4944-AD55-F91ADDE0FD10}
		{E6BD7FAF-D1A7-4ABA-8749-98FFE01AC432} = {9BB16AF2-266A-423A-BA1C-65DD40209693}
		{C4A55A48-B89B-45D5-8E08-6ED83B67901D} = {983A03CC-AE4A-4082-9FAB-9D7364A82C8D}
		{E06EF637-C07D-4511-AF44-FF57B878AF81} = {C4A55A48-B89B-45D5-8E08-6ED83B67901D}
		{76D33810-AA61-4424-8EDD-02B9A45A7201} = {75065FBA-97D1-4209-AE7B-25ECE93F62DF}
		{EAD42104-3962-466A-A95C-0A8DB40BC929} = {0E3033DF-83FC-465D-B3E1-5A38226277E7}
		{6930B797-B8E2-4F24-8B52-17C168BC4404} = {AFF33A45-8201-45FE-A8A9-33275735C176}
		{BE37F56C-471B-4EB1-B5D6-4E8EEAAF6CA4} = {6930B797-B8E2-4F24-8B52-17C168BC4404}
		{105B7CA5-5827-47D5-AA73-68A65C4879BB} = {E16FF0DB-7727-44C4-A736-B40D6C0FE2FA}
		{63E6A1E4-C3F0-4DA7-BF19-87945AC560A9} = {FDB9DD11-4787-41EF-AFEB-419EE3AA55B5}
		{5B6C3FBD-4C28-4BC5-BB60-08C0DD70CA99} = {96D29C0B-61F9-43AB-9894-F8C336D1BCD7}
		{5827825F-6263-428F-BD44-01B42CEF33A3} = {8376DF68-7E8E-4125-A215-5B315B127383}
		{7BFC50A2-06B3-4010-AEF3-805A35800E92} = {CA1AF137-A204-404B-8AD1-4648C912F9E2}
		{E6E5D0DC-C413-4553-975C-26545E7EF3A1} = {9BB16AF2-266A-423A-BA1C-65DD40209693}
		{8948250E-A172-440A-BA62-C7311A380053} = {E6E5D0DC-C413-4553-975C-26545E7EF3A1}
		{71394AFE-5737-4CC9-9F69-1982DB8C64FE} = {9BB16AF2-266A-423A-BA1C-65DD40209693}
		{7B78303E-F2FD-4920-A33F-F026739E6FD9} = {71394AFE-5737-4CC9-9F69-1982DB8C64FE}
		{B73DEF05-38A8-4852-A6D0-FD456E9CA368} = {732BD101-EC6B-4129-960E-81095E3FBD0B}
		{81599CEA-6B46-4DFF-A2BD-31BFB3E7FB93} = {B73DEF05-38A8-4852-A6D0-FD456E9CA368}
		{3D523B1F-279F-4696-BCF5-A48F505D8B41} = {B73DEF05-38A8-4852-A6D0-FD456E9CA368}
		{9D51CDF6-4E84-460C-B05F-D1D52C9B49BD} = {B73DEF05-38A8-4852-A6D0-FD456E9CA368}
		{2C4C98BE-4EE3-480D-91E7-61AB0D2D71E8} = {B73DEF05-38A8-4852-A6D0-FD456E9CA368}
		{ABEF3632-72D1-42C4-8ABC-D2B710851483} = {B73DEF05-38A8-4852-A6D0-FD456E9CA368}
		{FDB9DD11-4787-41EF-AFEB-419EE3AA55B5} = {732BD101-EC6B-4129-960E-81095E3FBD0B}
		{8376DF68-7E8E-4125-A215-5B315B127383} = {732BD101-EC6B-4129-960E-81095E3FBD0B}
		{5E1ED9C2-5774-427C-AE9E-E16A3591D944} = {B73DEF05-38A8-4852-A6D0-FD456E9CA368}
		{408DE00F-33D8-4BA1-A8CB-C614F8361CDA} = {B73DEF05-38A8-4852-A6D0-FD456E9CA368}
		{D35C4A21-E596-4CB1-9FE6-837BBCF14E93} = {B73DEF05-38A8-4852-A6D0-FD456E9CA368}
		{4A4057DE-F651-4274-9F5C-57ACB10DB33E} = {B73DEF05-38A8-4852-A6D0-FD456E9CA368}
		{6548BC5A-9724-4BC0-A38A-929873C23DA1} = {AFF33A45-8201-45FE-A8A9-33275735C176}
		{34A1E251-19AA-4149-B02C-F226B551C4FA} = {6548BC5A-9724-4BC0-A38A-929873C23DA1}
		{8349D468-10FB-413C-9CA4-58FCCEC2F3B5} = {AFF33A45-8201-45FE-A8A9-33275735C176}
		{A6FA40CD-5017-4223-8A19-9BFDEE4FA246} = {AFF33A45-8201-45FE-A8A9-33275735C176}
		{FB6FE030-8D2B-491E-9C44-F852C749BF91} = {A6FA40CD-5017-4223-8A19-9BFDEE4FA246}
		{5A9B09E4-8789-4928-A7DF-1D4FA99A54DB} = {8349D468-10FB-413C-9CA4-58FCCEC2F3B5}
		{CD7F60BD-743D-4F01-82E2-B23D2A2AC8FF} = {AFF33A45-8201-45FE-A8A9-33275735C176}
		{9C95485D-6929-482D-B9D7-78A983187E48} = {CD7F60BD-743D-4F01-82E2-B23D2A2AC8FF}
		{86082FC5-EE53-44DC-8E9A-91FBBAAA01E5} = {AFF33A45-8201-45FE-A8A9-33275735C176}
		{51E1A6E0-1556-42F7-B05C-1072D9C8E8F2} = {86082FC5-EE53-44DC-8E9A-91FBBAAA01E5}
		{8CBB350D-B3C9-4E45-BAE7-46F47848062C} = {AFF33A45-8201-45FE-A8A9-33275735C176}
		{43D0C8F8-79C4-4F21-B54E-DB4834C07387} = {8CBB350D-B3C9-4E45-BAE7-46F47848062C}
		{88015241-F11E-445F-9B98-A5A8BA9E1A46} = {E6BD7FAF-D1A7-4ABA-8749-98FFE01AC432}
		{ABD06645-D37E-4701-849E-02625E99EC36} = {E6BD7FAF-D1A7-4ABA-8749-98FFE01AC432}
		{848EF107-CFA9-4D8D-B188-3E15F4E41F73} = {E6BD7FAF-D1A7-4ABA-8749-98FFE01AC432}
		{59C1ECA4-445B-4225-97D7-C108F370CE41} = {E6BD7FAF-D1A7-4ABA-8749-98FFE01AC432}
		{BD3E64EB-FD9E-4256-9627-072591B1D695} = {E6BD7FAF-D1A7-4ABA-8749-98FFE01AC432}
		{74602449-CC42-4990-A0E8-423BA4A90A80} = {E6BD7FAF-D1A7-4ABA-8749-98FFE01AC432}
		{B0ABB044-7361-4ED0-9112-92D4F78E8456} = {E6BD7FAF-D1A7-4ABA-8749-98FFE01AC432}
		{3D6530F5-6528-4361-800A-147F559117C3} = {B73DEF05-38A8-4852-A6D0-FD456E9CA368}
		{37760429-CA83-4118-9F1E-DA81AF1CB0B5} = {B73DEF05-38A8-4852-A6D0-FD456E9CA368}
		{10FFDF24-1797-4AC3-94C1-1531E53A1127} = {FDB9DD11-4787-41EF-AFEB-419EE3AA55B5}
		{5F8D23AA-9A25-41E2-82F0-DC3BC2729F58} = {AFF33A45-8201-45FE-A8A9-33275735C176}
		{9AAE6C72-0333-416D-9CA8-11908A1A787B} = {5F8D23AA-9A25-41E2-82F0-DC3BC2729F58}
		{ADCBC069-9F19-45E0-B43B-62D6746DF343} = {E6BD7FAF-D1A7-4ABA-8749-98FFE01AC432}
		{F3E26BC2-FBC5-42D8-AEBE-ABD563F3AA6A} = {CA1AF137-A204-404B-8AD1-4648C912F9E2}
		{D1566E8D-4615-49C7-BFD8-650A7FC50161} = {CA1AF137-A204-404B-8AD1-4648C912F9E2}
		{419582F4-C0DA-449F-AF95-5E88D7FB4487} = {CA1AF137-A204-404B-8AD1-4648C912F9E2}
		{C8CA7CCB-2BCD-4F77-837C-B2272D38F5C0} = {CA1AF137-A204-404B-8AD1-4648C912F9E2}
		{DBEF0046-E85F-4E1E-B6AC-9DD9CE883E58} = {CA1AF137-A204-404B-8AD1-4648C912F9E2}
		{186BA22C-3514-4EF0-8C60-83CD80676948} = {CA1AF137-A204-404B-8AD1-4648C912F9E2}
		{D27A6EBD-9CF2-49C9-962A-CB31046C2FC1} = {CA1AF137-A204-404B-8AD1-4648C912F9E2}
	EndGlobalSection
	GlobalSection(ExtensibilityGlobals) = postSolution
		SolutionGuid = {DCDDFF33-3B71-4F56-8C0E-018DC9DC84B9}
	EndGlobalSection
EndGlobal
